// !$*UTF8*$!
{
	archiveVersion = 1;
	classes = {
	};
	objectVersion = 46;
	objects = {

/* Begin PBXBuildFile section */
		107DDC7B1ED9850B00102FB6 /* AppDelegate.swift in Sources */ = {isa = PBXBuildFile; fileRef = 107DDC7A1ED9850B00102FB6 /* AppDelegate.swift */; };
		107DDC7D1ED9850B00102FB6 /* ViewController.swift in Sources */ = {isa = PBXBuildFile; fileRef = 107DDC7C1ED9850B00102FB6 /* ViewController.swift */; };
		107DDC801ED9850B00102FB6 /* Main.storyboard in Resources */ = {isa = PBXBuildFile; fileRef = 107DDC7E1ED9850B00102FB6 /* Main.storyboard */; };
		107DDC821ED9850B00102FB6 /* Assets.xcassets in Resources */ = {isa = PBXBuildFile; fileRef = 107DDC811ED9850B00102FB6 /* Assets.xcassets */; };
		107DDC851ED9850B00102FB6 /* LaunchScreen.storyboard in Resources */ = {isa = PBXBuildFile; fileRef = 107DDC831ED9850B00102FB6 /* LaunchScreen.storyboard */; };
		107DDC901ED9850B00102FB6 /* internship_caTests.swift in Sources */ = {isa = PBXBuildFile; fileRef = 107DDC8F1ED9850B00102FB6 /* internship_caTests.swift */; };
		107DDC9B1ED9850B00102FB6 /* internship_caUITests.swift in Sources */ = {isa = PBXBuildFile; fileRef = 107DDC9A1ED9850B00102FB6 /* internship_caUITests.swift */; };
/* End PBXBuildFile section */

/* Begin PBXContainerItemProxy section */
		107DDC8C1ED9850B00102FB6 /* PBXContainerItemProxy */ = {
			isa = PBXContainerItemProxy;
			containerPortal = 107DDC6F1ED9850B00102FB6 /* Project object */;
			proxyType = 1;
			remoteGlobalIDString = 107DDC761ED9850B00102FB6;
			remoteInfo = "internship-ca";
		};
		107DDC971ED9850B00102FB6 /* PBXContainerItemProxy */ = {
			isa = PBXContainerItemProxy;
			containerPortal = 107DDC6F1ED9850B00102FB6 /* Project object */;
			proxyType = 1;
			remoteGlobalIDString = 107DDC761ED9850B00102FB6;
			remoteInfo = "internship-ca";
		};
/* End PBXContainerItemProxy section */

/* Begin PBXFileReference section */
		107DDC771ED9850B00102FB6 /* internship-ca.app */ = {isa = PBXFileReference; explicitFileType = wrapper.application; includeInIndex = 0; path = "internship-ca.app"; sourceTree = BUILT_PRODUCTS_DIR; };
		107DDC7A1ED9850B00102FB6 /* AppDelegate.swift */ = {isa = PBXFileReference; lastKnownFileType = sourcecode.swift; path = AppDelegate.swift; sourceTree = "<group>"; };
		107DDC7C1ED9850B00102FB6 /* ViewController.swift */ = {isa = PBXFileReference; lastKnownFileType = sourcecode.swift; path = ViewController.swift; sourceTree = "<group>"; };
		107DDC7F1ED9850B00102FB6 /* Base */ = {isa = PBXFileReference; lastKnownFileType = file.storyboard; name = Base; path = Base.lproj/Main.storyboard; sourceTree = "<group>"; };
		107DDC811ED9850B00102FB6 /* Assets.xcassets */ = {isa = PBXFileReference; lastKnownFileType = folder.assetcatalog; path = Assets.xcassets; sourceTree = "<group>"; };
		107DDC841ED9850B00102FB6 /* Base */ = {isa = PBXFileReference; lastKnownFileType = file.storyboard; name = Base; path = Base.lproj/LaunchScreen.storyboard; sourceTree = "<group>"; };
		107DDC861ED9850B00102FB6 /* Info.plist */ = {isa = PBXFileReference; lastKnownFileType = text.plist.xml; path = Info.plist; sourceTree = "<group>"; };
		107DDC8B1ED9850B00102FB6 /* internship-caTests.xctest */ = {isa = PBXFileReference; explicitFileType = wrapper.cfbundle; includeInIndex = 0; path = "internship-caTests.xctest"; sourceTree = BUILT_PRODUCTS_DIR; };
		107DDC8F1ED9850B00102FB6 /* internship_caTests.swift */ = {isa = PBXFileReference; lastKnownFileType = sourcecode.swift; path = internship_caTests.swift; sourceTree = "<group>"; };
		107DDC911ED9850B00102FB6 /* Info.plist */ = {isa = PBXFileReference; lastKnownFileType = text.plist.xml; path = Info.plist; sourceTree = "<group>"; };
		107DDC961ED9850B00102FB6 /* internship-caUITests.xctest */ = {isa = PBXFileReference; explicitFileType = wrapper.cfbundle; includeInIndex = 0; path = "internship-caUITests.xctest"; sourceTree = BUILT_PRODUCTS_DIR; };
		107DDC9A1ED9850B00102FB6 /* internship_caUITests.swift */ = {isa = PBXFileReference; lastKnownFileType = sourcecode.swift; path = internship_caUITests.swift; sourceTree = "<group>"; };
		107DDC9C1ED9850C00102FB6 /* Info.plist */ = {isa = PBXFileReference; lastKnownFileType = text.plist.xml; path = Info.plist; sourceTree = "<group>"; };
/* End PBXFileReference section */

/* Begin PBXFrameworksBuildPhase section */
		107DDC741ED9850B00102FB6 /* Frameworks */ = {
			isa = PBXFrameworksBuildPhase;
			buildActionMask = 2147483647;
			files = (
			);
			runOnlyForDeploymentPostprocessing = 0;
		};
		107DDC881ED9850B00102FB6 /* Frameworks */ = {
			isa = PBXFrameworksBuildPhase;
			buildActionMask = 2147483647;
			files = (
			);
			runOnlyForDeploymentPostprocessing = 0;
		};
		107DDC931ED9850B00102FB6 /* Frameworks */ = {
			isa = PBXFrameworksBuildPhase;
			buildActionMask = 2147483647;
			files = (
			);
			runOnlyForDeploymentPostprocessing = 0;
		};
/* End PBXFrameworksBuildPhase section */

/* Begin PBXGroup section */
		107DDC6E1ED9850B00102FB6 = {
			isa = PBXGroup;
			children = (
				107DDC791ED9850B00102FB6 /* internship-ca */,
				107DDC8E1ED9850B00102FB6 /* internship-caTests */,
				107DDC991ED9850B00102FB6 /* internship-caUITests */,
				107DDC781ED9850B00102FB6 /* Products */,
			);
			sourceTree = "<group>";
		};
		107DDC781ED9850B00102FB6 /* Products */ = {
			isa = PBXGroup;
			children = (
				107DDC771ED9850B00102FB6 /* internship-ca.app */,
				107DDC8B1ED9850B00102FB6 /* internship-caTests.xctest */,
				107DDC961ED9850B00102FB6 /* internship-caUITests.xctest */,
			);
			name = Products;
			sourceTree = "<group>";
		};
		107DDC791ED9850B00102FB6 /* internship-ca */ = {
			isa = PBXGroup;
			children = (
				107DDC7A1ED9850B00102FB6 /* AppDelegate.swift */,
				107DDC7C1ED9850B00102FB6 /* ViewController.swift */,
				107DDC7E1ED9850B00102FB6 /* Main.storyboard */,
				107DDC811ED9850B00102FB6 /* Assets.xcassets */,
				107DDC831ED9850B00102FB6 /* LaunchScreen.storyboard */,
				107DDC861ED9850B00102FB6 /* Info.plist */,
			);
			path = "internship-ca";
			sourceTree = "<group>";
		};
		107DDC8E1ED9850B00102FB6 /* internship-caTests */ = {
			isa = PBXGroup;
			children = (
				107DDC8F1ED9850B00102FB6 /* internship_caTests.swift */,
				107DDC911ED9850B00102FB6 /* Info.plist */,
			);
			path = "internship-caTests";
			sourceTree = "<group>";
		};
		107DDC991ED9850B00102FB6 /* internship-caUITests */ = {
			isa = PBXGroup;
			children = (
				107DDC9A1ED9850B00102FB6 /* internship_caUITests.swift */,
				107DDC9C1ED9850C00102FB6 /* Info.plist */,
			);
			path = "internship-caUITests";
			sourceTree = "<group>";
		};
/* End PBXGroup section */

/* Begin PBXNativeTarget section */
		107DDC761ED9850B00102FB6 /* internship-ca */ = {
			isa = PBXNativeTarget;
			buildConfigurationList = 107DDC9F1ED9850C00102FB6 /* Build configuration list for PBXNativeTarget "internship-ca" */;
			buildPhases = (
				107DDC731ED9850B00102FB6 /* Sources */,
				107DDC741ED9850B00102FB6 /* Frameworks */,
				107DDC751ED9850B00102FB6 /* Resources */,
			);
			buildRules = (
			);
			dependencies = (
			);
			name = "internship-ca";
			productName = "internship-ca";
			productReference = 107DDC771ED9850B00102FB6 /* internship-ca.app */;
			productType = "com.apple.product-type.application";
		};
		107DDC8A1ED9850B00102FB6 /* internship-caTests */ = {
			isa = PBXNativeTarget;
			buildConfigurationList = 107DDCA21ED9850C00102FB6 /* Build configuration list for PBXNativeTarget "internship-caTests" */;
			buildPhases = (
				107DDC871ED9850B00102FB6 /* Sources */,
				107DDC881ED9850B00102FB6 /* Frameworks */,
				107DDC891ED9850B00102FB6 /* Resources */,
			);
			buildRules = (
			);
			dependencies = (
				107DDC8D1ED9850B00102FB6 /* PBXTargetDependency */,
			);
			name = "internship-caTests";
			productName = "internship-caTests";
			productReference = 107DDC8B1ED9850B00102FB6 /* internship-caTests.xctest */;
			productType = "com.apple.product-type.bundle.unit-test";
		};
		107DDC951ED9850B00102FB6 /* internship-caUITests */ = {
			isa = PBXNativeTarget;
			buildConfigurationList = 107DDCA51ED9850C00102FB6 /* Build configuration list for PBXNativeTarget "internship-caUITests" */;
			buildPhases = (
				107DDC921ED9850B00102FB6 /* Sources */,
				107DDC931ED9850B00102FB6 /* Frameworks */,
				107DDC941ED9850B00102FB6 /* Resources */,
			);
			buildRules = (
			);
			dependencies = (
				107DDC981ED9850B00102FB6 /* PBXTargetDependency */,
			);
			name = "internship-caUITests";
			productName = "internship-caUITests";
			productReference = 107DDC961ED9850B00102FB6 /* internship-caUITests.xctest */;
			productType = "com.apple.product-type.bundle.ui-testing";
		};
/* End PBXNativeTarget section */

/* Begin PBXProject section */
		107DDC6F1ED9850B00102FB6 /* Project object */ = {
			isa = PBXProject;
			attributes = {
				LastSwiftUpdateCheck = 0830;
				LastUpgradeCheck = 0830;
				ORGANIZATIONNAME = "Al Akhawayn University";
				TargetAttributes = {
					107DDC761ED9850B00102FB6 = {
						CreatedOnToolsVersion = 8.3.2;
						ProvisioningStyle = Automatic;
					};
					107DDC8A1ED9850B00102FB6 = {
						CreatedOnToolsVersion = 8.3.2;
						ProvisioningStyle = Automatic;
						TestTargetID = 107DDC761ED9850B00102FB6;
					};
					107DDC951ED9850B00102FB6 = {
						CreatedOnToolsVersion = 8.3.2;
						ProvisioningStyle = Automatic;
						TestTargetID = 107DDC761ED9850B00102FB6;
					};
				};
			};
			buildConfigurationList = 107DDC721ED9850B00102FB6 /* Build configuration list for PBXProject "internship-ca" */;
			compatibilityVersion = "Xcode 3.2";
			developmentRegion = English;
			hasScannedForEncodings = 0;
			knownRegions = (
				en,
				Base,
			);
			mainGroup = 107DDC6E1ED9850B00102FB6;
			productRefGroup = 107DDC781ED9850B00102FB6 /* Products */;
			projectDirPath = "";
			projectRoot = "";
			targets = (
				107DDC761ED9850B00102FB6 /* internship-ca */,
				107DDC8A1ED9850B00102FB6 /* internship-caTests */,
				107DDC951ED9850B00102FB6 /* internship-caUITests */,
			);
		};
/* End PBXProject section */

/* Begin PBXResourcesBuildPhase section */
		107DDC751ED9850B00102FB6 /* Resources */ = {
			isa = PBXResourcesBuildPhase;
			buildActionMask = 2147483647;
			files = (
				107DDC851ED9850B00102FB6 /* LaunchScreen.storyboard in Resources */,
				107DDC821ED9850B00102FB6 /* Assets.xcassets in Resources */,
				107DDC801ED9850B00102FB6 /* Main.storyboard in Resources */,
			);
			runOnlyForDeploymentPostprocessing = 0;
		};
		107DDC891ED9850B00102FB6 /* Resources */ = {
			isa = PBXResourcesBuildPhase;
			buildActionMask = 2147483647;
			files = (
			);
			runOnlyForDeploymentPostprocessing = 0;
		};
		107DDC941ED9850B00102FB6 /* Resources */ = {
			isa = PBXResourcesBuildPhase;
			buildActionMask = 2147483647;
			files = (
			);
			runOnlyForDeploymentPostprocessing = 0;
		};
/* End PBXResourcesBuildPhase section */

/* Begin PBXSourcesBuildPhase section */
		107DDC731ED9850B00102FB6 /* Sources */ = {
			isa = PBXSourcesBuildPhase;
			buildActionMask = 2147483647;
			files = (
				107DDC7D1ED9850B00102FB6 /* ViewController.swift in Sources */,
				107DDC7B1ED9850B00102FB6 /* AppDelegate.swift in Sources */,
			);
			runOnlyForDeploymentPostprocessing = 0;
		};
		107DDC871ED9850B00102FB6 /* Sources */ = {
			isa = PBXSourcesBuildPhase;
			buildActionMask = 2147483647;
			files = (
				107DDC901ED9850B00102FB6 /* internship_caTests.swift in Sources */,
			);
			runOnlyForDeploymentPostprocessing = 0;
		};
		107DDC921ED9850B00102FB6 /* Sources */ = {
			isa = PBXSourcesBuildPhase;
			buildActionMask = 2147483647;
			files = (
				107DDC9B1ED9850B00102FB6 /* internship_caUITests.swift in Sources */,
			);
			runOnlyForDeploymentPostprocessing = 0;
		};
/* End PBXSourcesBuildPhase section */

/* Begin PBXTargetDependency section */
		107DDC8D1ED9850B00102FB6 /* PBXTargetDependency */ = {
			isa = PBXTargetDependency;
			target = 107DDC761ED9850B00102FB6 /* internship-ca */;
			targetProxy = 107DDC8C1ED9850B00102FB6 /* PBXContainerItemProxy */;
		};
		107DDC981ED9850B00102FB6 /* PBXTargetDependency */ = {
			isa = PBXTargetDependency;
			target = 107DDC761ED9850B00102FB6 /* internship-ca */;
			targetProxy = 107DDC971ED9850B00102FB6 /* PBXContainerItemProxy */;
		};
/* End PBXTargetDependency section */

/* Begin PBXVariantGroup section */
		107DDC7E1ED9850B00102FB6 /* Main.storyboard */ = {
			isa = PBXVariantGroup;
			children = (
				107DDC7F1ED9850B00102FB6 /* Base */,
			);
			name = Main.storyboard;
			sourceTree = "<group>";
		};
		107DDC831ED9850B00102FB6 /* LaunchScreen.storyboard */ = {
			isa = PBXVariantGroup;
			children = (
				107DDC841ED9850B00102FB6 /* Base */,
			);
			name = LaunchScreen.storyboard;
			sourceTree = "<group>";
		};
/* End PBXVariantGroup section */

/* Begin XCBuildConfiguration section */
		107DDC9D1ED9850C00102FB6 /* Debug */ = {
			isa = XCBuildConfiguration;
			buildSettings = {
				ALWAYS_SEARCH_USER_PATHS = NO;
				CLANG_ANALYZER_NONNULL = YES;
				CLANG_ANALYZER_NUMBER_OBJECT_CONVERSION = YES_AGGRESSIVE;
				CLANG_CXX_LANGUAGE_STANDARD = "gnu++0x";
				CLANG_CXX_LIBRARY = "libc++";
				CLANG_ENABLE_MODULES = YES;
				CLANG_ENABLE_OBJC_ARC = YES;
				CLANG_WARN_BOOL_CONVERSION = YES;
				CLANG_WARN_CONSTANT_CONVERSION = YES;
				CLANG_WARN_DIRECT_OBJC_ISA_USAGE = YES_ERROR;
				CLANG_WARN_DOCUMENTATION_COMMENTS = YES;
				CLANG_WARN_EMPTY_BODY = YES;
				CLANG_WARN_ENUM_CONVERSION = YES;
				CLANG_WARN_INFINITE_RECURSION = YES;
				CLANG_WARN_INT_CONVERSION = YES;
				CLANG_WARN_OBJC_ROOT_CLASS = YES_ERROR;
				CLANG_WARN_SUSPICIOUS_MOVE = YES;
				CLANG_WARN_UNREACHABLE_CODE = YES;
				CLANG_WARN__DUPLICATE_METHOD_MATCH = YES;
				"CODE_SIGN_IDENTITY[sdk=iphoneos*]" = "iPhone Developer";
				COPY_PHASE_STRIP = NO;
				DEBUG_INFORMATION_FORMAT = dwarf;
				ENABLE_STRICT_OBJC_MSGSEND = YES;
				ENABLE_TESTABILITY = YES;
				GCC_C_LANGUAGE_STANDARD = gnu99;
				GCC_DYNAMIC_NO_PIC = NO;
				GCC_NO_COMMON_BLOCKS = YES;
				GCC_OPTIMIZATION_LEVEL = 0;
				GCC_PREPROCESSOR_DEFINITIONS = (
					"DEBUG=1",
					"$(inherited)",
				);
				GCC_WARN_64_TO_32_BIT_CONVERSION = YES;
				GCC_WARN_ABOUT_RETURN_TYPE = YES_ERROR;
				GCC_WARN_UNDECLARED_SELECTOR = YES;
				GCC_WARN_UNINITIALIZED_AUTOS = YES_AGGRESSIVE;
				GCC_WARN_UNUSED_FUNCTION = YES;
				GCC_WARN_UNUSED_VARIABLE = YES;
				IPHONEOS_DEPLOYMENT_TARGET = 10.3;
				MTL_ENABLE_DEBUG_INFO = YES;
				ONLY_ACTIVE_ARCH = YES;
				SDKROOT = iphoneos;
				SWIFT_ACTIVE_COMPILATION_CONDITIONS = DEBUG;
				SWIFT_OPTIMIZATION_LEVEL = "-Onone";
			};
			name = Debug;
		};
		107DDC9E1ED9850C00102FB6 /* Release */ = {
			isa = XCBuildConfiguration;
			buildSettings = {
				ALWAYS_SEARCH_USER_PATHS = NO;
				CLANG_ANALYZER_NONNULL = YES;
				CLANG_ANALYZER_NUMBER_OBJECT_CONVERSION = YES_AGGRESSIVE;
				CLANG_CXX_LANGUAGE_STANDARD = "gnu++0x";
				CLANG_CXX_LIBRARY = "libc++";
				CLANG_ENABLE_MODULES = YES;
				CLANG_ENABLE_OBJC_ARC = YES;
				CLANG_WARN_BOOL_CONVERSION = YES;
				CLANG_WARN_CONSTANT_CONVERSION = YES;
				CLANG_WARN_DIRECT_OBJC_ISA_USAGE = YES_ERROR;
				CLANG_WARN_DOCUMENTATION_COMMENTS = YES;
				CLANG_WARN_EMPTY_BODY = YES;
				CLANG_WARN_ENUM_CONVERSION = YES;
				CLANG_WARN_INFINITE_RECURSION = YES;
				CLANG_WARN_INT_CONVERSION = YES;
				CLANG_WARN_OBJC_ROOT_CLASS = YES_ERROR;
				CLANG_WARN_SUSPICIOUS_MOVE = YES;
				CLANG_WARN_UNREACHABLE_CODE = YES;
				CLANG_WARN__DUPLICATE_METHOD_MATCH = YES;
				"CODE_SIGN_IDENTITY[sdk=iphoneos*]" = "iPhone Developer";
				COPY_PHASE_STRIP = NO;
				DEBUG_INFORMATION_FORMAT = "dwarf-with-dsym";
				ENABLE_NS_ASSERTIONS = NO;
				ENABLE_STRICT_OBJC_MSGSEND = YES;
				GCC_C_LANGUAGE_STANDARD = gnu99;
				GCC_NO_COMMON_BLOCKS = YES;
				GCC_WARN_64_TO_32_BIT_CONVERSION = YES;
				GCC_WARN_ABOUT_RETURN_TYPE = YES_ERROR;
				GCC_WARN_UNDECLARED_SELECTOR = YES;
				GCC_WARN_UNINITIALIZED_AUTOS = YES_AGGRESSIVE;
				GCC_WARN_UNUSED_FUNCTION = YES;
				GCC_WARN_UNUSED_VARIABLE = YES;
				IPHONEOS_DEPLOYMENT_TARGET = 10.3;
				MTL_ENABLE_DEBUG_INFO = NO;
				SDKROOT = iphoneos;
				SWIFT_OPTIMIZATION_LEVEL = "-Owholemodule";
				VALIDATE_PRODUCT = YES;
			};
			name = Release;
		};
		107DDCA01ED9850C00102FB6 /* Debug */ = {
			isa = XCBuildConfiguration;
			buildSettings = {
				ASSETCATALOG_COMPILER_APPICON_NAME = AppIcon;
				INFOPLIST_FILE = "internship-ca/Info.plist";
				LD_RUNPATH_SEARCH_PATHS = "$(inherited) @executable_path/Frameworks";
				PRODUCT_BUNDLE_IDENTIFIER = "ma.akhawayn.cs193p.mohammed.internship-ca";
				PRODUCT_NAME = "$(TARGET_NAME)";
				SWIFT_VERSION = 3.0;
			};
			name = Debug;
		};
		107DDCA11ED9850C00102FB6 /* Release */ = {
			isa = XCBuildConfiguration;
			buildSettings = {
				ASSETCATALOG_COMPILER_APPICON_NAME = AppIcon;
				INFOPLIST_FILE = "internship-ca/Info.plist";
				LD_RUNPATH_SEARCH_PATHS = "$(inherited) @executable_path/Frameworks";
				PRODUCT_BUNDLE_IDENTIFIER = "ma.akhawayn.cs193p.mohammed.internship-ca";
				PRODUCT_NAME = "$(TARGET_NAME)";
				SWIFT_VERSION = 3.0;
			};
			name = Release;
		};
		107DDCA31ED9850C00102FB6 /* Debug */ = {
			isa = XCBuildConfiguration;
			buildSettings = {
				ALWAYS_EMBED_SWIFT_STANDARD_LIBRARIES = YES;
				BUNDLE_LOADER = "$(TEST_HOST)";
				INFOPLIST_FILE = "internship-caTests/Info.plist";
				LD_RUNPATH_SEARCH_PATHS = "$(inherited) @executable_path/Frameworks @loader_path/Frameworks";
				PRODUCT_BUNDLE_IDENTIFIER = "ma.akhawayn.cs193p.mohammed.internship-caTests";
				PRODUCT_NAME = "$(TARGET_NAME)";
				SWIFT_VERSION = 3.0;
				TEST_HOST = "$(BUILT_PRODUCTS_DIR)/internship-ca.app/internship-ca";
			};
			name = Debug;
		};
		107DDCA41ED9850C00102FB6 /* Release */ = {
			isa = XCBuildConfiguration;
			buildSettings = {
				ALWAYS_EMBED_SWIFT_STANDARD_LIBRARIES = YES;
				BUNDLE_LOADER = "$(TEST_HOST)";
				INFOPLIST_FILE = "internship-caTests/Info.plist";
				LD_RUNPATH_SEARCH_PATHS = "$(inherited) @executable_path/Frameworks @loader_path/Frameworks";
				PRODUCT_BUNDLE_IDENTIFIER = "ma.akhawayn.cs193p.mohammed.internship-caTests";
				PRODUCT_NAME = "$(TARGET_NAME)";
				SWIFT_VERSION = 3.0;
				TEST_HOST = "$(BUILT_PRODUCTS_DIR)/internship-ca.app/internship-ca";
			};
			name = Release;
		};
		107DDCA61ED9850C00102FB6 /* Debug */ = {
			isa = XCBuildConfiguration;
			buildSettings = {
				ALWAYS_EMBED_SWIFT_STANDARD_LIBRARIES = YES;
				INFOPLIST_FILE = "internship-caUITests/Info.plist";
				LD_RUNPATH_SEARCH_PATHS = "$(inherited) @executable_path/Frameworks @loader_path/Frameworks";
				PRODUCT_BUNDLE_IDENTIFIER = "ma.akhawayn.cs193p.mohammed.internship-caUITests";
				PRODUCT_NAME = "$(TARGET_NAME)";
				SWIFT_VERSION = 3.0;
				TEST_TARGET_NAME = "internship-ca";
			};
			name = Debug;
		};
		107DDCA71ED9850C00102FB6 /* Release */ = {
			isa = XCBuildConfiguration;
			buildSettings = {
				ALWAYS_EMBED_SWIFT_STANDARD_LIBRARIES = YES;
				INFOPLIST_FILE = "internship-caUITests/Info.plist";
				LD_RUNPATH_SEARCH_PATHS = "$(inherited) @executable_path/Frameworks @loader_path/Frameworks";
				PRODUCT_BUNDLE_IDENTIFIER = "ma.akhawayn.cs193p.mohammed.internship-caUITests";
				PRODUCT_NAME = "$(TARGET_NAME)";
				SWIFT_VERSION = 3.0;
				TEST_TARGET_NAME = "internship-ca";
			};
			name = Release;
		};
/* End XCBuildConfiguration section */

/* Begin XCConfigurationList section */
		107DDC721ED9850B00102FB6 /* Build configuration list for PBXProject "internship-ca" */ = {
			isa = XCConfigurationList;
			buildConfigurations = (
				107DDC9D1ED9850C00102FB6 /* Debug */,
				107DDC9E1ED9850C00102FB6 /* Release */,
			);
			defaultConfigurationIsVisible = 0;
			defaultConfigurationName = Release;
		};
		107DDC9F1ED9850C00102FB6 /* Build configuration list for PBXNativeTarget "internship-ca" */ = {
			isa = XCConfigurationList;
			buildConfigurations = (
				107DDCA01ED9850C00102FB6 /* Debug */,
				107DDCA11ED9850C00102FB6 /* Release */,
			);
			defaultConfigurationIsVisible = 0;
		};
		107DDCA21ED9850C00102FB6 /* Build configuration list for PBXNativeTarget "internship-caTests" */ = {
			isa = XCConfigurationList;
			buildConfigurations = (
				107DDCA31ED9850C00102FB6 /* Debug */,
				107DDCA41ED9850C00102FB6 /* Release */,
			);
			defaultConfigurationIsVisible = 0;
		};
		107DDCA51ED9850C00102FB6 /* Build configuration list for PBXNativeTarget "internship-caUITests" */ = {
			isa = XCConfigurationList;
			buildConfigurations = (
				107DDCA61ED9850C00102FB6 /* Debug */,
				107DDCA71ED9850C00102FB6 /* Release */,
			);
			defaultConfigurationIsVisible = 0;
		};
/* End XCConfigurationList section */
	};
	rootObject = 107DDC6F1ED9850B00102FB6 /* Project object */;
}
